
Microsoft Visual Studio Solution File, Format Version 12.00
Project("{FAE04EC0-301F-11D3-BF4B-00C04F79EFBC}") = "GenericsAndCollections", "GenericsAndCollections\GenericsAndCollections.csproj", "{1FD3C0FE-D11E-4216-B688-AEE45F621496}"
EndProject
Global
	GlobalSection(SolutionConfigurationPlatforms) = preSolution
		Debug|Any CPU = Debug|Any CPU
		Release|Any CPU = Release|Any CPU
	EndGlobalSection
	GlobalSection(ProjectConfigurationPlatforms) = postSolution
		{1FD3C0FE-D11E-4216-B688-AEE45F621496}.Debug|Any CPU.ActiveCfg = Debug|Any CPU
		{1FD3C0FE-D11E-4216-B688-AEE45F621496}.Debug|Any CPU.Build.0 = Debug|Any CPU
		{1FD3C0FE-D11E-4216-B688-AEE45F621496}.Release|Any CPU.ActiveCfg = Release|Any CPU
		{1FD3C0FE-D11E-4216-B688-AEE45F621496}.Release|Any CPU.Build.0 = Release|Any CPU
	EndGlobalSection
EndGlobal
